
Microsoft Visual Studio Solution File, Format Version 12.00
# Visual Studio Version 16
VisualStudioVersion = 16.0.28407.52
MinimumVisualStudioVersion = 10.0.40219.1
Project("{FAE04EC0-301F-11D3-BF4B-00C04F79EFBC}") = "DateTimeOperators", "DateTimeOperators\DateTimeOperators.csproj", "{50E9F5A5-45E8-4286-A46D-A9E3D426D65D}"
EndProject
Global
	GlobalSection(SolutionConfigurationPlatforms) = preSolution
		Debug|Any CPU = Debug|Any CPU
		Release|Any CPU = Release|Any CPU
	EndGlobalSection
	GlobalSection(ProjectConfigurationPlatforms) = postSolution
		{50E9F5A5-45E8-4286-A46D-A9E3D426D65D}.Debug|Any CPU.ActiveCfg = Debug|Any CPU
		{50E9F5A5-45E8-4286-A46D-A9E3D426D65D}.Debug|Any CPU.Build.0 = Debug|Any CPU
		{50E9F5A5-45E8-4286-A46D-A9E3D426D65D}.Release|Any CPU.ActiveCfg = Release|Any CPU
		{50E9F5A5-45E8-4286-A46D-A9E3D426D65D}.Release|Any CPU.Build.0 = Release|Any CPU
	EndGlobalSection
	GlobalSection(SolutionProperties) = preSolution
		HideSolutionNode = FALSE
	EndGlobalSection
	GlobalSection(ExtensibilityGlobals) = postSolution
		SolutionGuid = {74110244-D811-4718-92C4-1506A73BF800}
	EndGlobalSection
EndGlobal
