
Microsoft Visual Studio Solution File, Format Version 12.00
# Visual Studio 15
VisualStudioVersion = 15.0.28307.329
MinimumVisualStudioVersion = 10.0.40219.1
Project("{FAE04EC0-301F-11D3-BF4B-00C04F79EFBC}") = "Operators", "Operators\Operators.csproj", "{C3AEEA76-4163-4E71-8799-CCDEFA333B7B}"
EndProject
Global
	GlobalSection(SolutionConfigurationPlatforms) = preSolution
		Debug|Any CPU = Debug|Any CPU
		Release|Any CPU = Release|Any CPU
	EndGlobalSection
	GlobalSection(ProjectConfigurationPlatforms) = postSolution
		{C3AEEA76-4163-4E71-8799-CCDEFA333B7B}.Debug|Any CPU.ActiveCfg = Debug|Any CPU
		{C3AEEA76-4163-4E71-8799-CCDEFA333B7B}.Debug|Any CPU.Build.0 = Debug|Any CPU
		{C3AEEA76-4163-4E71-8799-CCDEFA333B7B}.Release|Any CPU.ActiveCfg = Release|Any CPU
		{C3AEEA76-4163-4E71-8799-CCDEFA333B7B}.Release|Any CPU.Build.0 = Release|Any CPU
	EndGlobalSection
	GlobalSection(SolutionProperties) = preSolution
		HideSolutionNode = FALSE
	EndGlobalSection
	GlobalSection(ExtensibilityGlobals) = postSolution
		SolutionGuid = {4D66CB61-C3EA-46AE-A6F6-84027626E5AD}
	EndGlobalSection
EndGlobal
